
Microsoft Visual Studio Solution File, Format Version 12.00
# Visual Studio Version 16
VisualStudioVersion = 16.0.31829.152
MinimumVisualStudioVersion = 10.0.40219.1
Project("{9A19103F-16F7-4668-BE54-9A1E7A4F7556}") = "FlightFinder.API", "FlightFinder.Application\FlightFinder.API.csproj", "{66EF7DF4-D022-4184-8F11-5475D583F490}"
EndProject
Global
	GlobalSection(SolutionConfigurationPlatforms) = preSolution
		Debug|Any CPU = Debug|Any CPU
		Release|Any CPU = Release|Any CPU
	EndGlobalSection
	GlobalSection(ProjectConfigurationPlatforms) = postSolution
		{66EF7DF4-D022-4184-8F11-5475D583F490}.Debug|Any CPU.ActiveCfg = Debug|Any CPU
		{66EF7DF4-D022-4184-8F11-5475D583F490}.Debug|Any CPU.Build.0 = Debug|Any CPU
		{66EF7DF4-D022-4184-8F11-5475D583F490}.Release|Any CPU.ActiveCfg = Release|Any CPU
		{66EF7DF4-D022-4184-8F11-5475D583F490}.Release|Any CPU.Build.0 = Release|Any CPU
	EndGlobalSection
	GlobalSection(SolutionProperties) = preSolution
		HideSolutionNode = FALSE
	EndGlobalSection
	GlobalSection(ExtensibilityGlobals) = postSolution
		SolutionGuid = {76F1AB5E-029F-452C-A63D-F43783E3A360}
	EndGlobalSection
EndGlobal
